<?xml version="1.0" encoding="utf-8"?>
<Project ToolsVersion="4.0" xmlns="http://schemas.microsoft.com/developer/msbuild/2003">
  <ItemGroup>
    <Filter Include="Source Files">
      <UniqueIdentifier>{4FC737F1-C7A5-4376-A066-2A32D752A2FF}</UniqueIdentifier>
      <Extensions>cpp;c;cc;cxx;def;odl;idl;hpj;bat;asm;asmx</Extensions>
    </Filter>
    <Filter Include="Header Files">
      <UniqueIdentifier>{93995380-89BD-4b04-88EB-625FBE52EBFB}</UniqueIdentifier>
      <Extensions>h;hh;hpp;hxx;hm;inl;inc;ipp;xsd</Extensions>
    </Filter>
    <Filter Include="Resource Files">
      <UniqueIdentifier>{67DA6AB6-F800-4c08-8B7A-83BB121AAD01}</UniqueIdentifier>
      <Extensions>rc;ico;cur;bmp;dlg;rc2;rct;bin;rgs;gif;jpg;jpeg;jpe;resx;tiff;tif;png;wav;mfcribbon-ms</Extensions>
    </Filter>
  </ItemGroup>
  <ItemGroup>
    <ClCompile Include="AcsGE\Animation.cpp">
      <Filter>Source Files</Filter>
    </ClCompile>
    <ClCompile Include="AcsGE\EventData.cpp">
      <Filter>Source Files</Filter>
    </ClCompile>
    <ClCompile Include="AcsGE\EventManager.cpp">
      <Filter>Source Files</Filter>
    </ClCompile>
    <ClCompile Include="AcsGE\EventNameSpace.cpp">
      <Filter>Source Files</Filter>
    </ClCompile>
    <ClCompile Include="AcsGE\Game.cpp">
      <Filter>Source Files</Filter>
    </ClCompile>
    <ClCompile Include="AcsGE\GameState.cpp">
      <Filter>Source Files</Filter>
    </ClCompile>
    <ClCompile Include="AcsGE\Messages.cpp">
      <Filter>Source Files</Filter>
    </ClCompile>
    <ClCompile Include="AcsGE\Renderer.cpp">
      <Filter>Source Files</Filter>
    </ClCompile>
    <ClCompile Include="AcsGE\Sprite.cpp">
      <Filter>Source Files</Filter>
    </ClCompile>
    <ClCompile Include="AcsGE\Texture.cpp">
      <Filter>Source Files</Filter>
    </ClCompile>
    <ClCompile Include="AcsGE\Window.cpp">
      <Filter>Source Files</Filter>
    </ClCompile>
    <ClCompile Include="main.cpp">
      <Filter>Source Files</Filter>
    </ClCompile>
    <ClCompile Include="MainState.cpp">
      <Filter>Source Files</Filter>
    </ClCompile>
    <ClCompile Include="AcsGE\ECS\Components\Shapes\CircleComponent.cpp">
      <Filter>Source Files</Filter>
    </ClCompile>
    <ClCompile Include="AcsGE\ECS\Components\CollisionComponent.cpp">
      <Filter>Source Files</Filter>
    </ClCompile>
    <ClCompile Include="AcsGE\ECS\Components\PositionComponent.cpp">
      <Filter>Source Files</Filter>
    </ClCompile>
    <ClCompile Include="AcsGE\ECS\Components\RenderableComponent.cpp">
      <Filter>Source Files</Filter>
    </ClCompile>
    <ClCompile Include="AcsGE\ECS\Components\SpriteComponent.cpp">
      <Filter>Source Files</Filter>
    </ClCompile>
    <ClCompile Include="AcsGE\ECS\Systems\ColisionSystem.cpp">
      <Filter>Source Files</Filter>
    </ClCompile>
    <ClCompile Include="AcsGE\ECS\Systems\RendererSystem.cpp">
      <Filter>Source Files</Filter>
    </ClCompile>
    <ClCompile Include="AcsGE\ECS\EntityManager.cpp">
      <Filter>Source Files</Filter>
    </ClCompile>
    <ClCompile Include="AcsGE\ECS\SystemManager.cpp">
      <Filter>Source Files</Filter>
    </ClCompile>
    <ClCompile Include="AcsGE\Util\Shapes\Circle.cpp">
      <Filter>Source Files</Filter>
    </ClCompile>
    <ClCompile Include="AcsGE\Util\Shapes\Line.cpp">
      <Filter>Source Files</Filter>
    </ClCompile>
    <ClCompile Include="AcsGE\Util\Shapes\Rectangle.cpp">
      <Filter>Source Files</Filter>
    </ClCompile>
    <ClCompile Include="AcsGE\Util\Shapes\Triangle.cpp">
      <Filter>Source Files</Filter>
    </ClCompile>
    <ClCompile Include="AcsGE\Util\CollisionDetection.cpp">
      <Filter>Source Files</Filter>
    </ClCompile>
    <ClCompile Include="AcsGE\Util\Color.cpp">
      <Filter>Source Files</Filter>
    </ClCompile>
    <ClCompile Include="AcsGE\Util\ColorList.cpp">
      <Filter>Source Files</Filter>
    </ClCompile>
    <ClCompile Include="AcsGE\Util\Drawer.cpp">
      <Filter>Source Files</Filter>
    </ClCompile>
    <ClCompile Include="AcsGE\Util\Timer.cpp">
      <Filter>Source Files</Filter>
    </ClCompile>
    <ClCompile Include="AcsGE\Util\Vector2D.cpp">
      <Filter>Source Files</Filter>
    </ClCompile>
    <ClCompile Include="AcsGE\GameStateManager.cpp">
      <Filter>Source Files</Filter>
    </ClCompile>
    <ClCompile Include="StartMenuState.cpp">
      <Filter>Source Files</Filter>
    </ClCompile>
    <ClCompile Include="AcsGE\Text.cpp">
      <Filter>Source Files</Filter>
    </ClCompile>
    <ClCompile Include="AcsGE\Util\Misc.cpp">
      <Filter>Source Files</Filter>
    </ClCompile>
    <ClCompile Include="AcsGE\Uses\UsesRenderer.cpp">
      <Filter>Source Files</Filter>
    </ClCompile>
    <ClCompile Include="AcsGE\AssetManager.cpp">
      <Filter>Source Files</Filter>
    </ClCompile>
  </ItemGroup>
  <ItemGroup>
    <None Include=".clang-tidy" />
    <None Include="assets\board_items.psd" />
    <None Include="AcsGE\.git" />
    <None Include="AcsGE\README.md" />
  </ItemGroup>
  <ItemGroup>
    <ClInclude Include="AcsGE\Animation.h">
      <Filter>Header Files</Filter>
    </ClInclude>
    <ClInclude Include="AcsGE\EventData.h">
      <Filter>Header Files</Filter>
    </ClInclude>
    <ClInclude Include="AcsGE\EventManager.h">
      <Filter>Header Files</Filter>
    </ClInclude>
    <ClInclude Include="AcsGE\EventNameSpace.h">
      <Filter>Header Files</Filter>
    </ClInclude>
    <ClInclude Include="AcsGE\Game.h">
      <Filter>Header Files</Filter>
    </ClInclude>
    <ClInclude Include="AcsGE\GameState.h">
      <Filter>Header Files</Filter>
    </ClInclude>
    <ClInclude Include="AcsGE\GameStateManager.h">
      <Filter>Header Files</Filter>
    </ClInclude>
    <ClInclude Include="AcsGE\Messages.h">
      <Filter>Header Files</Filter>
    </ClInclude>
    <ClInclude Include="AcsGE\Renderer.h">
      <Filter>Header Files</Filter>
    </ClInclude>
    <ClInclude Include="AcsGE\Sprite.h">
      <Filter>Header Files</Filter>
    </ClInclude>
    <ClInclude Include="AcsGE\Texture.h">
      <Filter>Header Files</Filter>
    </ClInclude>
    <ClInclude Include="AcsGE\Window.h">
      <Filter>Header Files</Filter>
    </ClInclude>
    <ClInclude Include="MainState.h">
      <Filter>Header Files</Filter>
    </ClInclude>
    <ClInclude Include="AcsGE\ECS\Components\Shapes\CircleComponent.h">
      <Filter>Header Files</Filter>
    </ClInclude>
    <ClInclude Include="AcsGE\ECS\Components\CollisionComponent.h">
      <Filter>Header Files</Filter>
    </ClInclude>
    <ClInclude Include="AcsGE\ECS\Components\PositionComponent.h">
      <Filter>Header Files</Filter>
    </ClInclude>
    <ClInclude Include="AcsGE\ECS\Components\RenderableComponent.h">
      <Filter>Header Files</Filter>
    </ClInclude>
    <ClInclude Include="AcsGE\ECS\Components\SpriteComponent.h">
      <Filter>Header Files</Filter>
    </ClInclude>
    <ClInclude Include="AcsGE\ECS\Systems\ColisionSystem.h">
      <Filter>Header Files</Filter>
    </ClInclude>
    <ClInclude Include="AcsGE\ECS\Systems\RendererSystem.h">
      <Filter>Header Files</Filter>
    </ClInclude>
    <ClInclude Include="AcsGE\ECS\Component.h">
      <Filter>Header Files</Filter>
    </ClInclude>
    <ClInclude Include="AcsGE\ECS\Entity.h">
      <Filter>Header Files</Filter>
    </ClInclude>
    <ClInclude Include="AcsGE\ECS\EntityManager.h">
      <Filter>Header Files</Filter>
    </ClInclude>
    <ClInclude Include="AcsGE\ECS\System.h">
      <Filter>Header Files</Filter>
    </ClInclude>
    <ClInclude Include="AcsGE\ECS\SystemManager.h">
      <Filter>Header Files</Filter>
    </ClInclude>
    <ClInclude Include="AcsGE\Math\Maths.h">
      <Filter>Header Files</Filter>
    </ClInclude>
    <ClInclude Include="AcsGE\Util\Shapes\Circle.h">
      <Filter>Header Files</Filter>
    </ClInclude>
    <ClInclude Include="AcsGE\Util\Shapes\Line.h">
      <Filter>Header Files</Filter>
    </ClInclude>
    <ClInclude Include="AcsGE\Util\Shapes\Point.h">
      <Filter>Header Files</Filter>
    </ClInclude>
    <ClInclude Include="AcsGE\Util\Shapes\Rectangle.h">
      <Filter>Header Files</Filter>
    </ClInclude>
    <ClInclude Include="AcsGE\Util\Shapes\Shape.h">
      <Filter>Header Files</Filter>
    </ClInclude>
    <ClInclude Include="AcsGE\Util\Shapes\Triangle.h">
      <Filter>Header Files</Filter>
    </ClInclude>
    <ClInclude Include="AcsGE\Util\CollisionDetection.h">
      <Filter>Header Files</Filter>
    </ClInclude>
    <ClInclude Include="AcsGE\Util\Color.h">
      <Filter>Header Files</Filter>
    </ClInclude>
    <ClInclude Include="AcsGE\Util\ColorList.h">
      <Filter>Header Files</Filter>
    </ClInclude>
    <ClInclude Include="AcsGE\Util\Container.h">
      <Filter>Header Files</Filter>
    </ClInclude>
    <ClInclude Include="AcsGE\Util\Dimensions.h">
      <Filter>Header Files</Filter>
    </ClInclude>
    <ClInclude Include="AcsGE\Util\Drawer.h">
      <Filter>Header Files</Filter>
    </ClInclude>
    <ClInclude Include="AcsGE\Util\Mediator.h">
      <Filter>Header Files</Filter>
    </ClInclude>
    <ClInclude Include="AcsGE\Util\SDL_io.h">
      <Filter>Header Files</Filter>
    </ClInclude>
    <ClInclude Include="AcsGE\Util\Timer.h">
      <Filter>Header Files</Filter>
    </ClInclude>
    <ClInclude Include="AcsGE\Util\Vector2D.h">
      <Filter>Header Files</Filter>
    </ClInclude>
    <ClInclude Include="StartMenuState.h">
      <Filter>Header Files</Filter>
    </ClInclude>
    <ClInclude Include="AcsGE\Text.h">
      <Filter>Header Files</Filter>
    </ClInclude>
    <ClInclude Include="AcsGE\Util\Misc.h">
      <Filter>Header Files</Filter>
    </ClInclude>
    <ClInclude Include="AcsGE\Uses\UsesRenderer.h">
      <Filter>Header Files</Filter>
    </ClInclude>
    <ClInclude Include="AcsGE\AssetManager.h">
      <Filter>Header Files</Filter>
    </ClInclude>
  </ItemGroup>
  <ItemGroup>
    <Image Include="assets\board_items.png">
      <Filter>Resource Files</Filter>
    </Image>
  </ItemGroup>
</Project>